// !$*UTF8*$!
{
	archiveVersion = 1;
	classes = {
	};
	objectVersion = 55;
	objects = {

/* Begin PBXBuildFile section */
		CD5F4FE028A412570025CAC0 /* AppDelegate.swift in Sources */ = {isa = PBXBuildFile; fileRef = CD5F4FDF28A412570025CAC0 /* AppDelegate.swift */; };
		CD5F4FE228A412570025CAC0 /* ContentView.swift in Sources */ = {isa = PBXBuildFile; fileRef = CD5F4FE128A412570025CAC0 /* ContentView.swift */; };
		CD5F4FE428A412570025CAC0 /* Experience.rcproject in Sources */ = {isa = PBXBuildFile; fileRef = CD5F4FE328A412570025CAC0 /* Experience.rcproject */; };
		CD5F4FE628A412590025CAC0 /* Assets.xcassets in Resources */ = {isa = PBXBuildFile; fileRef = CD5F4FE528A412590025CAC0 /* Assets.xcassets */; };
		CD5F4FE928A412590025CAC0 /* Preview Assets.xcassets in Resources */ = {isa = PBXBuildFile; fileRef = CD5F4FE828A412590025CAC0 /* Preview Assets.xcassets */; };
		CD5F4FF328A412590025CAC0 /* EmocardTests.swift in Sources */ = {isa = PBXBuildFile; fileRef = CD5F4FF228A412590025CAC0 /* EmocardTests.swift */; };
		CD5F4FFD28A412590025CAC0 /* EmocardUITests.swift in Sources */ = {isa = PBXBuildFile; fileRef = CD5F4FFC28A412590025CAC0 /* EmocardUITests.swift */; };
		CD5F4FFF28A412590025CAC0 /* EmocardUITestsLaunchTests.swift in Sources */ = {isa = PBXBuildFile; fileRef = CD5F4FFE28A412590025CAC0 /* EmocardUITestsLaunchTests.swift */; };
/* End PBXBuildFile section */

/* Begin PBXContainerItemProxy section */
		CD5F4FEF28A412590025CAC0 /* PBXContainerItemProxy */ = {
			isa = PBXContainerItemProxy;
			containerPortal = CD5F4FD428A412570025CAC0 /* Project object */;
			proxyType = 1;
			remoteGlobalIDString = CD5F4FDB28A412570025CAC0;
			remoteInfo = Emocard;
		};
		CD5F4FF928A412590025CAC0 /* PBXContainerItemProxy */ = {
			isa = PBXContainerItemProxy;
			containerPortal = CD5F4FD428A412570025CAC0 /* Project object */;
			proxyType = 1;
			remoteGlobalIDString = CD5F4FDB28A412570025CAC0;
			remoteInfo = Emocard;
		};
/* End PBXContainerItemProxy section */

/* Begin PBXFileReference section */
		CD5F4FDC28A412570025CAC0 /* Emocard.app */ = {isa = PBXFileReference; explicitFileType = wrapper.application; includeInIndex = 0; path = Emocard.app; sourceTree = BUILT_PRODUCTS_DIR; };
		CD5F4FDF28A412570025CAC0 /* AppDelegate.swift */ = {isa = PBXFileReference; lastKnownFileType = sourcecode.swift; path = AppDelegate.swift; sourceTree = "<group>"; };
		CD5F4FE128A412570025CAC0 /* ContentView.swift */ = {isa = PBXFileReference; lastKnownFileType = sourcecode.swift; path = ContentView.swift; sourceTree = "<group>"; };
		CD5F4FE328A412570025CAC0 /* Experience.rcproject */ = {isa = PBXFileReference; lastKnownFileType = file.rcproject; path = Experience.rcproject; sourceTree = "<group>"; };
		CD5F4FE528A412590025CAC0 /* Assets.xcassets */ = {isa = PBXFileReference; lastKnownFileType = folder.assetcatalog; path = Assets.xcassets; sourceTree = "<group>"; };
		CD5F4FE828A412590025CAC0 /* Preview Assets.xcassets */ = {isa = PBXFileReference; lastKnownFileType = folder.assetcatalog; path = "Preview Assets.xcassets"; sourceTree = "<group>"; };
		CD5F4FEE28A412590025CAC0 /* EmocardTests.xctest */ = {isa = PBXFileReference; explicitFileType = wrapper.cfbundle; includeInIndex = 0; path = EmocardTests.xctest; sourceTree = BUILT_PRODUCTS_DIR; };
		CD5F4FF228A412590025CAC0 /* EmocardTests.swift */ = {isa = PBXFileReference; lastKnownFileType = sourcecode.swift; path = EmocardTests.swift; sourceTree = "<group>"; };
		CD5F4FF828A412590025CAC0 /* EmocardUITests.xctest */ = {isa = PBXFileReference; explicitFileType = wrapper.cfbundle; includeInIndex = 0; path = EmocardUITests.xctest; sourceTree = BUILT_PRODUCTS_DIR; };
		CD5F4FFC28A412590025CAC0 /* EmocardUITests.swift */ = {isa = PBXFileReference; lastKnownFileType = sourcecode.swift; path = EmocardUITests.swift; sourceTree = "<group>"; };
		CD5F4FFE28A412590025CAC0 /* EmocardUITestsLaunchTests.swift */ = {isa = PBXFileReference; lastKnownFileType = sourcecode.swift; path = EmocardUITestsLaunchTests.swift; sourceTree = "<group>"; };
/* End PBXFileReference section */

/* Begin PBXFrameworksBuildPhase section */
		CD5F4FD928A412570025CAC0 /* Frameworks */ = {
			isa = PBXFrameworksBuildPhase;
			buildActionMask = 2147483647;
			files = (
			);
			runOnlyForDeploymentPostprocessing = 0;
		};
		CD5F4FEB28A412590025CAC0 /* Frameworks */ = {
			isa = PBXFrameworksBuildPhase;
			buildActionMask = 2147483647;
			files = (
			);
			runOnlyForDeploymentPostprocessing = 0;
		};
		CD5F4FF528A412590025CAC0 /* Frameworks */ = {
			isa = PBXFrameworksBuildPhase;
			buildActionMask = 2147483647;
			files = (
			);
			runOnlyForDeploymentPostprocessing = 0;
		};
/* End PBXFrameworksBuildPhase section */

/* Begin PBXGroup section */
		CD5F4FD328A412570025CAC0 = {
			isa = PBXGroup;
			children = (
				CD5F4FDE28A412570025CAC0 /* Emocard */,
				CD5F4FF128A412590025CAC0 /* EmocardTests */,
				CD5F4FFB28A412590025CAC0 /* EmocardUITests */,
				CD5F4FDD28A412570025CAC0 /* Products */,
			);
			sourceTree = "<group>";
		};
		CD5F4FDD28A412570025CAC0 /* Products */ = {
			isa = PBXGroup;
			children = (
				CD5F4FDC28A412570025CAC0 /* Emocard.app */,
				CD5F4FEE28A412590025CAC0 /* EmocardTests.xctest */,
				CD5F4FF828A412590025CAC0 /* EmocardUITests.xctest */,
			);
			name = Products;
			sourceTree = "<group>";
		};
		CD5F4FDE28A412570025CAC0 /* Emocard */ = {
			isa = PBXGroup;
			children = (
				CD5F4FDF28A412570025CAC0 /* AppDelegate.swift */,
				CD5F4FE128A412570025CAC0 /* ContentView.swift */,
				CD5F4FE328A412570025CAC0 /* Experience.rcproject */,
				CD5F4FE528A412590025CAC0 /* Assets.xcassets */,
				CD5F4FE728A412590025CAC0 /* Preview Content */,
			);
			path = Emocard;
			sourceTree = "<group>";
		};
		CD5F4FE728A412590025CAC0 /* Preview Content */ = {
			isa = PBXGroup;
			children = (
				CD5F4FE828A412590025CAC0 /* Preview Assets.xcassets */,
			);
			path = "Preview Content";
			sourceTree = "<group>";
		};
		CD5F4FF128A412590025CAC0 /* EmocardTests */ = {
			isa = PBXGroup;
			children = (
				CD5F4FF228A412590025CAC0 /* EmocardTests.swift */,
			);
			path = EmocardTests;
			sourceTree = "<group>";
		};
		CD5F4FFB28A412590025CAC0 /* EmocardUITests */ = {
			isa = PBXGroup;
			children = (
				CD5F4FFC28A412590025CAC0 /* EmocardUITests.swift */,
				CD5F4FFE28A412590025CAC0 /* EmocardUITestsLaunchTests.swift */,
			);
			path = EmocardUITests;
			sourceTree = "<group>";
		};
/* End PBXGroup section */

/* Begin PBXNativeTarget section */
		CD5F4FDB28A412570025CAC0 /* Emocard */ = {
			isa = PBXNativeTarget;
			buildConfigurationList = CD5F500228A412590025CAC0 /* Build configuration list for PBXNativeTarget "Emocard" */;
			buildPhases = (
				CD5F4FD828A412570025CAC0 /* Sources */,
				CD5F4FD928A412570025CAC0 /* Frameworks */,
				CD5F4FDA28A412570025CAC0 /* Resources */,
			);
			buildRules = (
			);
			dependencies = (
			);
			name = Emocard;
			productName = Emocard;
			productReference = CD5F4FDC28A412570025CAC0 /* Emocard.app */;
			productType = "com.apple.product-type.application";
		};
		CD5F4FED28A412590025CAC0 /* EmocardTests */ = {
			isa = PBXNativeTarget;
			buildConfigurationList = CD5F500528A412590025CAC0 /* Build configuration list for PBXNativeTarget "EmocardTests" */;
			buildPhases = (
				CD5F4FEA28A412590025CAC0 /* Sources */,
				CD5F4FEB28A412590025CAC0 /* Frameworks */,
				CD5F4FEC28A412590025CAC0 /* Resources */,
			);
			buildRules = (
			);
			dependencies = (
				CD5F4FF028A412590025CAC0 /* PBXTargetDependency */,
			);
			name = EmocardTests;
			productName = EmocardTests;
			productReference = CD5F4FEE28A412590025CAC0 /* EmocardTests.xctest */;
			productType = "com.apple.product-type.bundle.unit-test";
		};
		CD5F4FF728A412590025CAC0 /* EmocardUITests */ = {
			isa = PBXNativeTarget;
			buildConfigurationList = CD5F500828A412590025CAC0 /* Build configuration list for PBXNativeTarget "EmocardUITests" */;
			buildPhases = (
				CD5F4FF428A412590025CAC0 /* Sources */,
				CD5F4FF528A412590025CAC0 /* Frameworks */,
				CD5F4FF628A412590025CAC0 /* Resources */,
			);
			buildRules = (
			);
			dependencies = (
				CD5F4FFA28A412590025CAC0 /* PBXTargetDependency */,
			);
			name = EmocardUITests;
			productName = EmocardUITests;
			productReference = CD5F4FF828A412590025CAC0 /* EmocardUITests.xctest */;
			productType = "com.apple.product-type.bundle.ui-testing";
		};
/* End PBXNativeTarget section */

/* Begin PBXProject section */
		CD5F4FD428A412570025CAC0 /* Project object */ = {
			isa = PBXProject;
			attributes = {
				BuildIndependentTargetsInParallel = 1;
				LastSwiftUpdateCheck = 1340;
				LastUpgradeCheck = 1340;
				TargetAttributes = {
					CD5F4FDB28A412570025CAC0 = {
						CreatedOnToolsVersion = 13.4.1;
					};
					CD5F4FED28A412590025CAC0 = {
						CreatedOnToolsVersion = 13.4.1;
						TestTargetID = CD5F4FDB28A412570025CAC0;
					};
					CD5F4FF728A412590025CAC0 = {
						CreatedOnToolsVersion = 13.4.1;
						TestTargetID = CD5F4FDB28A412570025CAC0;
					};
				};
			};
			buildConfigurationList = CD5F4FD728A412570025CAC0 /* Build configuration list for PBXProject "Emocard" */;
			compatibilityVersion = "Xcode 13.0";
			developmentRegion = en;
			hasScannedForEncodings = 0;
			knownRegions = (
				en,
				Base,
			);
			mainGroup = CD5F4FD328A412570025CAC0;
			productRefGroup = CD5F4FDD28A412570025CAC0 /* Products */;
			projectDirPath = "";
			projectRoot = "";
			targets = (
				CD5F4FDB28A412570025CAC0 /* Emocard */,
				CD5F4FED28A412590025CAC0 /* EmocardTests */,
				CD5F4FF728A412590025CAC0 /* EmocardUITests */,
			);
		};
/* End PBXProject section */

/* Begin PBXResourcesBuildPhase section */
		CD5F4FDA28A412570025CAC0 /* Resources */ = {
			isa = PBXResourcesBuildPhase;
			buildActionMask = 2147483647;
			files = (
				CD5F4FE928A412590025CAC0 /* Preview Assets.xcassets in Resources */,
				CD5F4FE628A412590025CAC0 /* Assets.xcassets in Resources */,
			);
			runOnlyForDeploymentPostprocessing = 0;
		};
		CD5F4FEC28A412590025CAC0 /* Resources */ = {
			isa = PBXResourcesBuildPhase;
			buildActionMask = 2147483647;
			files = (
			);
			runOnlyForDeploymentPostprocessing = 0;
		};
		CD5F4FF628A412590025CAC0 /* Resources */ = {
			isa = PBXResourcesBuildPhase;
			buildActionMask = 2147483647;
			files = (
			);
			runOnlyForDeploymentPostprocessing = 0;
		};
/* End PBXResourcesBuildPhase section */

/* Begin PBXSourcesBuildPhase section */
		CD5F4FD828A412570025CAC0 /* Sources */ = {
			isa = PBXSourcesBuildPhase;
			buildActionMask = 2147483647;
			files = (
				CD5F4FE228A412570025CAC0 /* ContentView.swift in Sources */,
				CD5F4FE028A412570025CAC0 /* AppDelegate.swift in Sources */,
				CD5F4FE428A412570025CAC0 /* Experience.rcproject in Sources */,
			);
			runOnlyForDeploymentPostprocessing = 0;
		};
		CD5F4FEA28A412590025CAC0 /* Sources */ = {
			isa = PBXSourcesBuildPhase;
			buildActionMask = 2147483647;
			files = (
				CD5F4FF328A412590025CAC0 /* EmocardTests.swift in Sources */,
			);
			runOnlyForDeploymentPostprocessing = 0;
		};
		CD5F4FF428A412590025CAC0 /* Sources */ = {
			isa = PBXSourcesBuildPhase;
			buildActionMask = 2147483647;
			files = (
				CD5F4FFF28A412590025CAC0 /* EmocardUITestsLaunchTests.swift in Sources */,
				CD5F4FFD28A412590025CAC0 /* EmocardUITests.swift in Sources */,
			);
			runOnlyForDeploymentPostprocessing = 0;
		};
/* End PBXSourcesBuildPhase section */

/* Begin PBXTargetDependency section */
		CD5F4FF028A412590025CAC0 /* PBXTargetDependency */ = {
			isa = PBXTargetDependency;
			target = CD5F4FDB28A412570025CAC0 /* Emocard */;
			targetProxy = CD5F4FEF28A412590025CAC0 /* PBXContainerItemProxy */;
		};
		CD5F4FFA28A412590025CAC0 /* PBXTargetDependency */ = {
			isa = PBXTargetDependency;
			target = CD5F4FDB28A412570025CAC0 /* Emocard */;
			targetProxy = CD5F4FF928A412590025CAC0 /* PBXContainerItemProxy */;
		};
/* End PBXTargetDependency section */

/* Begin XCBuildConfiguration section */
		CD5F500028A412590025CAC0 /* Debug */ = {
			isa = XCBuildConfiguration;
			buildSettings = {
				ALWAYS_SEARCH_USER_PATHS = NO;
				CLANG_ANALYZER_NONNULL = YES;
				CLANG_ANALYZER_NUMBER_OBJECT_CONVERSION = YES_AGGRESSIVE;
				CLANG_CXX_LANGUAGE_STANDARD = "gnu++17";
				CLANG_ENABLE_MODULES = YES;
				CLANG_ENABLE_OBJC_ARC = YES;
				CLANG_ENABLE_OBJC_WEAK = YES;
				CLANG_WARN_BLOCK_CAPTURE_AUTORELEASING = YES;
				CLANG_WARN_BOOL_CONVERSION = YES;
				CLANG_WARN_COMMA = YES;
				CLANG_WARN_CONSTANT_CONVERSION = YES;
				CLANG_WARN_DEPRECATED_OBJC_IMPLEMENTATIONS = YES;
				CLANG_WARN_DIRECT_OBJC_ISA_USAGE = YES_ERROR;
				CLANG_WARN_DOCUMENTATION_COMMENTS = YES;
				CLANG_WARN_EMPTY_BODY = YES;
				CLANG_WARN_ENUM_CONVERSION = YES;
				CLANG_WARN_INFINITE_RECURSION = YES;
				CLANG_WARN_INT_CONVERSION = YES;
				CLANG_WARN_NON_LITERAL_NULL_CONVERSION = YES;
				CLANG_WARN_OBJC_IMPLICIT_RETAIN_SELF = YES;
				CLANG_WARN_OBJC_LITERAL_CONVERSION = YES;
				CLANG_WARN_OBJC_ROOT_CLASS = YES_ERROR;
				CLANG_WARN_QUOTED_INCLUDE_IN_FRAMEWORK_HEADER = YES;
				CLANG_WARN_RANGE_LOOP_ANALYSIS = YES;
				CLANG_WARN_STRICT_PROTOTYPES = YES;
				CLANG_WARN_SUSPICIOUS_MOVE = YES;
				CLANG_WARN_UNGUARDED_AVAILABILITY = YES_AGGRESSIVE;
				CLANG_WARN_UNREACHABLE_CODE = YES;
				CLANG_WARN__DUPLICATE_METHOD_MATCH = YES;
				COPY_PHASE_STRIP = NO;
				DEBUG_INFORMATION_FORMAT = dwarf;
				ENABLE_STRICT_OBJC_MSGSEND = YES;
				ENABLE_TESTABILITY = YES;
				GCC_C_LANGUAGE_STANDARD = gnu11;
				GCC_DYNAMIC_NO_PIC = NO;
				GCC_NO_COMMON_BLOCKS = YES;
				GCC_OPTIMIZATION_LEVEL = 0;
				GCC_PREPROCESSOR_DEFINITIONS = (
					"DEBUG=1",
					"$(inherited)",
				);
				GCC_WARN_64_TO_32_BIT_CONVERSION = YES;
				GCC_WARN_ABOUT_RETURN_TYPE = YES_ERROR;
				GCC_WARN_UNDECLARED_SELECTOR = YES;
				GCC_WARN_UNINITIALIZED_AUTOS = YES_AGGRESSIVE;
				GCC_WARN_UNUSED_FUNCTION = YES;
				GCC_WARN_UNUSED_VARIABLE = YES;
				IPHONEOS_DEPLOYMENT_TARGET = 15.5;
				MTL_ENABLE_DEBUG_INFO = INCLUDE_SOURCE;
				MTL_FAST_MATH = YES;
				ONLY_ACTIVE_ARCH = YES;
				SDKROOT = iphoneos;
				SWIFT_ACTIVE_COMPILATION_CONDITIONS = DEBUG;
				SWIFT_OPTIMIZATION_LEVEL = "-Onone";
			};
			name = Debug;
		};
		CD5F500128A412590025CAC0 /* Release */ = {
			isa = XCBuildConfiguration;
			buildSettings = {
				ALWAYS_SEARCH_USER_PATHS = NO;
				CLANG_ANALYZER_NONNULL = YES;
				CLANG_ANALYZER_NUMBER_OBJECT_CONVERSION = YES_AGGRESSIVE;
				CLANG_CXX_LANGUAGE_STANDARD = "gnu++17";
				CLANG_ENABLE_MODULES = YES;
				CLANG_ENABLE_OBJC_ARC = YES;
				CLANG_ENABLE_OBJC_WEAK = YES;
				CLANG_WARN_BLOCK_CAPTURE_AUTORELEASING = YES;
				CLANG_WARN_BOOL_CONVERSION = YES;
				CLANG_WARN_COMMA = YES;
				CLANG_WARN_CONSTANT_CONVERSION = YES;
				CLANG_WARN_DEPRECATED_OBJC_IMPLEMENTATIONS = YES;
				CLANG_WARN_DIRECT_OBJC_ISA_USAGE = YES_ERROR;
				CLANG_WARN_DOCUMENTATION_COMMENTS = YES;
				CLANG_WARN_EMPTY_BODY = YES;
				CLANG_WARN_ENUM_CONVERSION = YES;
				CLANG_WARN_INFINITE_RECURSION = YES;
				CLANG_WARN_INT_CONVERSION = YES;
				CLANG_WARN_NON_LITERAL_NULL_CONVERSION = YES;
				CLANG_WARN_OBJC_IMPLICIT_RETAIN_SELF = YES;
				CLANG_WARN_OBJC_LITERAL_CONVERSION = YES;
				CLANG_WARN_OBJC_ROOT_CLASS = YES_ERROR;
				CLANG_WARN_QUOTED_INCLUDE_IN_FRAMEWORK_HEADER = YES;
				CLANG_WARN_RANGE_LOOP_ANALYSIS = YES;
				CLANG_WARN_STRICT_PROTOTYPES = YES;
				CLANG_WARN_SUSPICIOUS_MOVE = YES;
				CLANG_WARN_UNGUARDED_AVAILABILITY = YES_AGGRESSIVE;
				CLANG_WARN_UNREACHABLE_CODE = YES;
				CLANG_WARN__DUPLICATE_METHOD_MATCH = YES;
				COPY_PHASE_STRIP = NO;
				DEBUG_INFORMATION_FORMAT = "dwarf-with-dsym";
				ENABLE_NS_ASSERTIONS = NO;
				ENABLE_STRICT_OBJC_MSGSEND = YES;
				GCC_C_LANGUAGE_STANDARD = gnu11;
				GCC_NO_COMMON_BLOCKS = YES;
				GCC_WARN_64_TO_32_BIT_CONVERSION = YES;
				GCC_WARN_ABOUT_RETURN_TYPE = YES_ERROR;
				GCC_WARN_UNDECLARED_SELECTOR = YES;
				GCC_WARN_UNINITIALIZED_AUTOS = YES_AGGRESSIVE;
				GCC_WARN_UNUSED_FUNCTION = YES;
				GCC_WARN_UNUSED_VARIABLE = YES;
				IPHONEOS_DEPLOYMENT_TARGET = 15.5;
				MTL_ENABLE_DEBUG_INFO = NO;
				MTL_FAST_MATH = YES;
				SDKROOT = iphoneos;
				SWIFT_COMPILATION_MODE = wholemodule;
				SWIFT_OPTIMIZATION_LEVEL = "-O";
				VALIDATE_PRODUCT = YES;
			};
			name = Release;
		};
		CD5F500328A412590025CAC0 /* Debug */ = {
			isa = XCBuildConfiguration;
			buildSettings = {
				ASSETCATALOG_COMPILER_APPICON_NAME = AppIcon;
				ASSETCATALOG_COMPILER_GLOBAL_ACCENT_COLOR_NAME = AccentColor;
				CODE_SIGN_STYLE = Automatic;
				CURRENT_PROJECT_VERSION = 1;
				DEVELOPMENT_ASSET_PATHS = "\"Emocard/Preview Content\"";
				ENABLE_PREVIEWS = YES;
				GENERATE_INFOPLIST_FILE = YES;
				INFOPLIST_KEY_NSCameraUsageDescription = "";
				INFOPLIST_KEY_UIApplicationSupportsIndirectInputEvents = YES;
				INFOPLIST_KEY_UILaunchScreen_Generation = YES;
				INFOPLIST_KEY_UIRequiredDeviceCapabilities = arkit;
				INFOPLIST_KEY_UIStatusBarHidden = YES;
				INFOPLIST_KEY_UISupportedInterfaceOrientations_iPad = "UIInterfaceOrientationPortrait UIInterfaceOrientationPortraitUpsideDown UIInterfaceOrientationLandscapeLeft UIInterfaceOrientationLandscapeRight";
				INFOPLIST_KEY_UISupportedInterfaceOrientations_iPhone = "UIInterfaceOrientationPortrait UIInterfaceOrientationLandscapeLeft UIInterfaceOrientationLandscapeRight";
				LD_RUNPATH_SEARCH_PATHS = (
					"$(inherited)",
					"@executable_path/Frameworks",
				);
				MARKETING_VERSION = 1.0;
				PRODUCT_BUNDLE_IDENTIFIER = Hoppy0616.Emocard;
				PRODUCT_NAME = "$(TARGET_NAME)";
				SWIFT_EMIT_LOC_STRINGS = YES;
				SWIFT_VERSION = 5.0;
				TARGETED_DEVICE_FAMILY = "1,2";
			};
			name = Debug;
		};
		CD5F500428A412590025CAC0 /* Release */ = {
			isa = XCBuildConfiguration;
			buildSettings = {
				ASSETCATALOG_COMPILER_APPICON_NAME = AppIcon;
				ASSETCATALOG_COMPILER_GLOBAL_ACCENT_COLOR_NAME = AccentColor;
				CODE_SIGN_STYLE = Automatic;
				CURRENT_PROJECT_VERSION = 1;
				DEVELOPMENT_ASSET_PATHS = "\"Emocard/Preview Content\"";
				ENABLE_PREVIEWS = YES;
				GENERATE_INFOPLIST_FILE = YES;
				INFOPLIST_KEY_NSCameraUsageDescription = "";
				INFOPLIST_KEY_UIApplicationSupportsIndirectInputEvents = YES;
				INFOPLIST_KEY_UILaunchScreen_Generation = YES;
				INFOPLIST_KEY_UIRequiredDeviceCapabilities = arkit;
				INFOPLIST_KEY_UIStatusBarHidden = YES;
				INFOPLIST_KEY_UISupportedInterfaceOrientations_iPad = "UIInterfaceOrientationPortrait UIInterfaceOrientationPortraitUpsideDown UIInterfaceOrientationLandscapeLeft UIInterfaceOrientationLandscapeRight";
				INFOPLIST_KEY_UISupportedInterfaceOrientations_iPhone = "UIInterfaceOrientationPortrait UIInterfaceOrientationLandscapeLeft UIInterfaceOrientationLandscapeRight";
				LD_RUNPATH_SEARCH_PATHS = (
					"$(inherited)",
					"@executable_path/Frameworks",
				);
				MARKETING_VERSION = 1.0;
				PRODUCT_BUNDLE_IDENTIFIER = Hoppy0616.Emocard;
				PRODUCT_NAME = "$(TARGET_NAME)";
				SWIFT_EMIT_LOC_STRINGS = YES;
				SWIFT_VERSION = 5.0;
				TARGETED_DEVICE_FAMILY = "1,2";
			};
			name = Release;
		};
		CD5F500628A412590025CAC0 /* Debug */ = {
			isa = XCBuildConfiguration;
			buildSettings = {
				ALWAYS_EMBED_SWIFT_STANDARD_LIBRARIES = YES;
				BUNDLE_LOADER = "$(TEST_HOST)";
				CODE_SIGN_STYLE = Automatic;
				CURRENT_PROJECT_VERSION = 1;
				GENERATE_INFOPLIST_FILE = YES;
				IPHONEOS_DEPLOYMENT_TARGET = 15.5;
				MARKETING_VERSION = 1.0;
				PRODUCT_BUNDLE_IDENTIFIER = Hoppy0616.EmocardTests;
				PRODUCT_NAME = "$(TARGET_NAME)";
				SWIFT_EMIT_LOC_STRINGS = NO;
				SWIFT_VERSION = 5.0;
				TARGETED_DEVICE_FAMILY = "1,2";
				TEST_HOST = "$(BUILT_PRODUCTS_DIR)/Emocard.app/Emocard";
			};
			name = Debug;
		};
		CD5F500728A412590025CAC0 /* Release */ = {
			isa = XCBuildConfiguration;
			buildSettings = {
				ALWAYS_EMBED_SWIFT_STANDARD_LIBRARIES = YES;
				BUNDLE_LOADER = "$(TEST_HOST)";
				CODE_SIGN_STYLE = Automatic;
				CURRENT_PROJECT_VERSION = 1;
				GENERATE_INFOPLIST_FILE = YES;
				IPHONEOS_DEPLOYMENT_TARGET = 15.5;
				MARKETING_VERSION = 1.0;
				PRODUCT_BUNDLE_IDENTIFIER = Hoppy0616.EmocardTests;
				PRODUCT_NAME = "$(TARGET_NAME)";
				SWIFT_EMIT_LOC_STRINGS = NO;
				SWIFT_VERSION = 5.0;
				TARGETED_DEVICE_FAMILY = "1,2";
				TEST_HOST = "$(BUILT_PRODUCTS_DIR)/Emocard.app/Emocard";
			};
			name = Release;
		};
		CD5F500928A412590025CAC0 /* Debug */ = {
			isa = XCBuildConfiguration;
			buildSettings = {
				ALWAYS_EMBED_SWIFT_STANDARD_LIBRARIES = YES;
				CODE_SIGN_STYLE = Automatic;
				CURRENT_PROJECT_VERSION = 1;
				GENERATE_INFOPLIST_FILE = YES;
				MARKETING_VERSION = 1.0;
				PRODUCT_BUNDLE_IDENTIFIER = Hoppy0616.EmocardUITests;
				PRODUCT_NAME = "$(TARGET_NAME)";
				SWIFT_EMIT_LOC_STRINGS = NO;
				SWIFT_VERSION = 5.0;
				TARGETED_DEVICE_FAMILY = "1,2";
				TEST_TARGET_NAME = Emocard;
			};
			name = Debug;
		};
		CD5F500A28A412590025CAC0 /* Release */ = {
			isa = XCBuildConfiguration;
			buildSettings = {
				ALWAYS_EMBED_SWIFT_STANDARD_LIBRARIES = YES;
				CODE_SIGN_STYLE = Automatic;
				CURRENT_PROJECT_VERSION = 1;
				GENERATE_INFOPLIST_FILE = YES;
				MARKETING_VERSION = 1.0;
				PRODUCT_BUNDLE_IDENTIFIER = Hoppy0616.EmocardUITests;
				PRODUCT_NAME = "$(TARGET_NAME)";
				SWIFT_EMIT_LOC_STRINGS = NO;
				SWIFT_VERSION = 5.0;
				TARGETED_DEVICE_FAMILY = "1,2";
				TEST_TARGET_NAME = Emocard;
			};
			name = Release;
		};
/* End XCBuildConfiguration section */

/* Begin XCConfigurationList section */
		CD5F4FD728A412570025CAC0 /* Build configuration list for PBXProject "Emocard" */ = {
			isa = XCConfigurationList;
			buildConfigurations = (
				CD5F500028A412590025CAC0 /* Debug */,
				CD5F500128A412590025CAC0 /* Release */,
			);
			defaultConfigurationIsVisible = 0;
			defaultConfigurationName = Release;
		};
		CD5F500228A412590025CAC0 /* Build configuration list for PBXNativeTarget "Emocard" */ = {
			isa = XCConfigurationList;
			buildConfigurations = (
				CD5F500328A412590025CAC0 /* Debug */,
				CD5F500428A412590025CAC0 /* Release */,
			);
			defaultConfigurationIsVisible = 0;
			defaultConfigurationName = Release;
		};
		CD5F500528A412590025CAC0 /* Build configuration list for PBXNativeTarget "EmocardTests" */ = {
			isa = XCConfigurationList;
			buildConfigurations = (
				CD5F500628A412590025CAC0 /* Debug */,
				CD5F500728A412590025CAC0 /* Release */,
			);
			defaultConfigurationIsVisible = 0;
			defaultConfigurationName = Release;
		};
		CD5F500828A412590025CAC0 /* Build configuration list for PBXNativeTarget "EmocardUITests" */ = {
			isa = XCConfigurationList;
			buildConfigurations = (
				CD5F500928A412590025CAC0 /* Debug */,
				CD5F500A28A412590025CAC0 /* Release */,
			);
			defaultConfigurationIsVisible = 0;
			defaultConfigurationName = Release;
		};
/* End XCConfigurationList section */
	};
	rootObject = CD5F4FD428A412570025CAC0 /* Project object */;
}
